{
    "_readme": [
        "This file locks the dependencies of your project to a known state",
        "Read more about it at https://getcomposer.org/doc/01-basic-usage.md#installing-dependencies",
        "This file is @generated automatically"
    ],
    "content-hash": "77b5f2782002c54e7abf893e8f241583",
    "packages": [
        {
            "name": "xeroapi/xero-php-oauth2",
            "version": "4.0.0",
            "source": {
                "type": "git",
                "url": "https://github.com/XeroAPI/xero-php-oauth2.git",
                "reference": "d4db4ce23d78cc45ee1a3950dd5b0c4085743e00"
            },
            "dist": {
                "type": "zip",
                "url": "https://api.github.com/repos/XeroAPI/xero-php-oauth2/zipball/d4db4ce23d78cc45ee1a3950dd5b0c4085743e00",
                "reference": "d4db4ce23d78cc45ee1a3950dd5b0c4085743e00",
                "shasum": ""
            },
            "require": {
                "ext-curl": "*",
                "ext-json": "*",
                "ext-mbstring": "*",
                "firebase/php-jwt": "^6.0",
                "guzzlehttp/guzzle": "^6.2 | ^7.0",
                "league/oauth2-client": "^2.5.0",
                "php": ">=5.6"
            },
            "require-dev": {
                "friendsofphp/php-cs-fixer": "~2.12",
                "phpunit/phpunit": "^4.8",
                "squizlabs/php_codesniffer": "~2.6"
            },
            "type": "library",
            "autoload": {
                "psr-4": {
                    "XeroAPI\\XeroPHP\\": "lib/"
                }
            },
            "notification-url": "https://packagist.org/downloads/",
            "license": [
                "MIT"
            ],
            "authors": [
                {
                    "name": "Xero API Team",
                    "homepage": "https://developer.xero.com"
                }
            ],
            "description": "Xero official PHP SDK for oAuth2 generated with OpenAPI spec 3",
            "homepage": "https://github.com/xeroapi/xero-php-oauth2",
            "keywords": [
                "api",
                "openapispec",
                "php",
                "rest",
                "sdk",
                "xero"
            ],
            "support": {
                "issues": "https://github.com/XeroAPI/xero-php-oauth2/issues",
                "source": "https://github.com/XeroAPI/xero-php-oauth2/tree/4.0.0"
            },
            "time": "2024-05-03T16:13:22+00:00"
        }
    ],
    "packages-dev": [],
    "aliases": [],
    "minimum-stability": "stable",
    "stability-flags": [],
    "prefer-stable": false,
    "prefer-lowest": false,
    "platform": [],
    "platform-dev": [],
    "plugin-api-version": "2.3.0"
}
